<?xml version="1.0" encoding="utf-8"?>
<Project ToolsVersion="4.0" xmlns="http://schemas.microsoft.com/developer/msbuild/2003">
  <ItemGroup>
    <Filter Include="Source Files">
      <UniqueIdentifier>{4FC737F1-C7A5-4376-A066-2A32D752A2FF}</UniqueIdentifier>
      <Extensions>cpp;c;cc;cxx;def;odl;idl;hpj;bat;asm;asmx</Extensions>
    </Filter>
    <Filter Include="Header Files">
      <UniqueIdentifier>{93995380-89BD-4b04-88EB-625FBE52EBFB}</UniqueIdentifier>
      <Extensions>h;hh;hpp;hxx;hm;inl;inc;xsd</Extensions>
    </Filter>
    <Filter Include="Resource Files">
      <UniqueIdentifier>{67DA6AB6-F800-4c08-8B7A-83BB121AAD01}</UniqueIdentifier>
      <Extensions>rc;ico;cur;bmp;dlg;rc2;rct;bin;rgs;gif;jpg;jpeg;jpe;resx;tiff;tif;png;wav;mfcribbon-ms</Extensions>
    </Filter>
    <Filter Include="Test Files">
      <UniqueIdentifier>{4905d838-3750-4e3e-af91-524eb621d20e}</UniqueIdentifier>
    </Filter>
    <Filter Include="Header Files\Input">
      <UniqueIdentifier>{041497b8-0b73-4edd-9b23-869b4bf32b51}</UniqueIdentifier>
    </Filter>
    <Filter Include="Header Files\CustomUtilities">
      <UniqueIdentifier>{427fc9fd-aed8-494a-8ff2-f368823bcee4}</UniqueIdentifier>
    </Filter>
    <Filter Include="Source Files\Input">
      <UniqueIdentifier>{d5aebd7f-47a5-478e-912c-40eb31f42e90}</UniqueIdentifier>
    </Filter>
    <Filter Include="Source Files\CustomUtilities">
      <UniqueIdentifier>{8cebe2b0-3fab-48a2-a1fd-c57f0bf444c3}</UniqueIdentifier>
    </Filter>
    <Filter Include="Source Files\Physics">
      <UniqueIdentifier>{7ced28bb-ffa1-4820-a257-cb593e9d3916}</UniqueIdentifier>
    </Filter>
    <Filter Include="Header Files\Physics">
      <UniqueIdentifier>{d96103e6-fe5c-453f-9d3c-73efbad05a6e}</UniqueIdentifier>
    </Filter>
    <Filter Include="Source Files\Physics\Geometry">
      <UniqueIdentifier>{a2ea8601-e12f-4020-ab47-9a03df48ffe2}</UniqueIdentifier>
    </Filter>
    <Filter Include="Header Files\Physics\Geometry">
      <UniqueIdentifier>{7a152103-d380-46ff-b1fe-122b51b78fe9}</UniqueIdentifier>
    </Filter>
  </ItemGroup>
  <ItemGroup>
    <Text Include="ReadMe.txt" />
  </ItemGroup>
  <ItemGroup>
    <ClInclude Include="stdafx.h">
      <Filter>Header Files</Filter>
    </ClInclude>
    <ClInclude Include="targetver.h">
      <Filter>Header Files</Filter>
    </ClInclude>
    <ClInclude Include="Enumerators.h">
      <Filter>Header Files</Filter>
    </ClInclude>
    <ClInclude Include="RingBuffer.h">
      <Filter>Header Files</Filter>
    </ClInclude>
    <ClInclude Include="Character.h">
      <Filter>Header Files</Filter>
    </ClInclude>
    <ClInclude Include="InputBuffer.h">
      <Filter>Header Files\Input</Filter>
    </ClInclude>
    <ClInclude Include="InputBinding.h">
      <Filter>Header Files\Input</Filter>
    </ClInclude>
    <ClInclude Include="FrameInput.h">
      <Filter>Header Files\Input</Filter>
    </ClInclude>
    <ClInclude Include="PlayerInput.h">
      <Filter>Header Files\Input</Filter>
    </ClInclude>
    <ClInclude Include="VectorUtility.h">
      <Filter>Header Files\CustomUtilities</Filter>
    </ClInclude>
    <ClInclude Include="RectUtility.h">
      <Filter>Header Files\CustomUtilities</Filter>
    </ClInclude>
    <ClInclude Include="Collision.h">
      <Filter>Header Files\Physics</Filter>
    </ClInclude>
    <ClInclude Include="PillarCollider.h">
      <Filter>Header Files\Physics</Filter>
    </ClInclude>
    <ClInclude Include="SensorCollider.h">
      <Filter>Header Files\Physics</Filter>
    </ClInclude>
    <ClInclude Include="MathUtility.h">
      <Filter>Header Files\CustomUtilities</Filter>
    </ClInclude>
    <ClInclude Include="KeyboardBinding.h">
      <Filter>Header Files\Input</Filter>
    </ClInclude>
    <ClInclude Include="GameState.h">
      <Filter>Header Files</Filter>
    </ClInclude>
    <ClInclude Include="GameTime.h">
      <Filter>Header Files</Filter>
    </ClInclude>
    <ClInclude Include="JoystickBinding.h">
      <Filter>Header Files\Input</Filter>
    </ClInclude>
    <ClInclude Include="RaycastCollider.h">
      <Filter>Header Files\Physics</Filter>
    </ClInclude>
    <ClInclude Include="LineUtility.h">
      <Filter>Header Files\CustomUtilities</Filter>
    </ClInclude>
    <ClInclude Include="GameInfo.h">
      <Filter>Header Files</Filter>
    </ClInclude>
    <ClInclude Include="FreeformCollider.h">
      <Filter>Header Files\Physics</Filter>
    </ClInclude>
    <ClInclude Include="Platform.h">
      <Filter>Header Files\Physics</Filter>
    </ClInclude>
    <ClInclude Include="Knockback.h">
      <Filter>Header Files\Physics</Filter>
    </ClInclude>
    <ClInclude Include="Quadtree.h">
      <Filter>Header Files\CustomUtilities</Filter>
    </ClInclude>
    <ClInclude Include="Line.h">
      <Filter>Header Files\Physics\Geometry</Filter>
    </ClInclude>
    <ClInclude Include="Polygon.h">
      <Filter>Header Files\Physics</Filter>
    </ClInclude>
  </ItemGroup>
  <ItemGroup>
    <ClCompile Include="stdafx.cpp">
      <Filter>Source Files</Filter>
    </ClCompile>
    <ClCompile Include="main.cpp">
      <Filter>Source Files</Filter>
    </ClCompile>
    <ClCompile Include="EnumeratorUtilities.cpp">
      <Filter>Source Files</Filter>
    </ClCompile>
    <ClCompile Include="KeyboardBinding.cpp">
      <Filter>Source Files\Input</Filter>
    </ClCompile>
    <ClCompile Include="InputBuffer.cpp">
      <Filter>Source Files\Input</Filter>
    </ClCompile>
    <ClCompile Include="FrameInput.cpp">
      <Filter>Source Files\Input</Filter>
    </ClCompile>
    <ClCompile Include="PlayerInput.cpp">
      <Filter>Source Files\Input</Filter>
    </ClCompile>
    <ClCompile Include="VectorUtility.cpp">
      <Filter>Source Files\CustomUtilities</Filter>
    </ClCompile>
    <ClCompile Include="RectUtility.cpp">
      <Filter>Source Files\CustomUtilities</Filter>
    </ClCompile>
    <ClCompile Include="PillarCollider.cpp">
      <Filter>Source Files\Physics</Filter>
    </ClCompile>
    <ClCompile Include="Collision.cpp">
      <Filter>Source Files\Physics</Filter>
    </ClCompile>
    <ClCompile Include="SensorCollider.cpp">
      <Filter>Source Files\Physics</Filter>
    </ClCompile>
    <ClCompile Include="MathUtility.cpp">
      <Filter>Source Files\CustomUtilities</Filter>
    </ClCompile>
    <ClCompile Include="GameTime.cpp">
      <Filter>Source Files</Filter>
    </ClCompile>
    <ClCompile Include="GameState.cpp">
      <Filter>Source Files</Filter>
    </ClCompile>
    <ClCompile Include="JoystickBinding.cpp">
      <Filter>Source Files\Input</Filter>
    </ClCompile>
    <ClCompile Include="LineUtility.cpp">
      <Filter>Source Files\CustomUtilities</Filter>
    </ClCompile>
    <ClCompile Include="RaycastCollider.cpp">
      <Filter>Source Files\Physics</Filter>
    </ClCompile>
    <ClCompile Include="GameInfo.cpp">
      <Filter>Source Files</Filter>
    </ClCompile>
    <ClCompile Include="AffinePlatform.cpp">
      <Filter>Source Files\Physics</Filter>
    </ClCompile>
    <ClCompile Include="FreeformCollider.cpp">
      <Filter>Source Files\Physics</Filter>
    </ClCompile>
    <ClCompile Include="SimplePlatform.cpp">
      <Filter>Source Files\Physics</Filter>
    </ClCompile>
    <ClCompile Include="Quadtree.cpp">
      <Filter>Source Files\CustomUtilities</Filter>
    </ClCompile>
    <ClCompile Include="Polygon.cpp">
      <Filter>Source Files\Physics\Geometry</Filter>
    </ClCompile>
    <ClCompile Include="Line.cpp">
      <Filter>Source Files\Physics\Geometry</Filter>
    </ClCompile>
  </ItemGroup>
</Project>